// !$*UTF8*$!
{
	archiveVersion = 1;
	classes = {
	};
	objectVersion = 46;
	objects = {

/* Begin PBXBuildFile section */
		444A532E186EE9B1006B9DB7 /* Foundation.framework in Frameworks */ = {isa = PBXBuildFile; fileRef = 444A532D186EE9B1006B9DB7 /* Foundation.framework */; };
		444A5330186EE9B1006B9DB7 /* CoreGraphics.framework in Frameworks */ = {isa = PBXBuildFile; fileRef = 444A532F186EE9B1006B9DB7 /* CoreGraphics.framework */; };
		444A5332186EE9B1006B9DB7 /* UIKit.framework in Frameworks */ = {isa = PBXBuildFile; fileRef = 444A5331186EE9B1006B9DB7 /* UIKit.framework */; };
		444A5338186EE9B1006B9DB7 /* InfoPlist.strings in Resources */ = {isa = PBXBuildFile; fileRef = 444A5336186EE9B1006B9DB7 /* InfoPlist.strings */; };
		444A533A186EE9B1006B9DB7 /* main.m in Sources */ = {isa = PBXBuildFile; fileRef = 444A5339186EE9B1006B9DB7 /* main.m */; };
		444A533E186EE9B1006B9DB7 /* AppDelegate.m in Sources */ = {isa = PBXBuildFile; fileRef = 444A533D186EE9B1006B9DB7 /* AppDelegate.m */; };
		444A5341186EE9B1006B9DB7 /* Main_iPhone.storyboard in Resources */ = {isa = PBXBuildFile; fileRef = 444A533F186EE9B1006B9DB7 /* Main_iPhone.storyboard */; };
		444A5344186EE9B1006B9DB7 /* Main_iPad.storyboard in Resources */ = {isa = PBXBuildFile; fileRef = 444A5342186EE9B1006B9DB7 /* Main_iPad.storyboard */; };
		444A5349186EE9B1006B9DB7 /* Images.xcassets in Resources */ = {isa = PBXBuildFile; fileRef = 444A5348186EE9B1006B9DB7 /* Images.xcassets */; };
		444A5350186EE9B1006B9DB7 /* XCTest.framework in Frameworks */ = {isa = PBXBuildFile; fileRef = 444A534F186EE9B1006B9DB7 /* XCTest.framework */; };
		444A5351186EE9B1006B9DB7 /* Foundation.framework in Frameworks */ = {isa = PBXBuildFile; fileRef = 444A532D186EE9B1006B9DB7 /* Foundation.framework */; };
		444A5352186EE9B1006B9DB7 /* UIKit.framework in Frameworks */ = {isa = PBXBuildFile; fileRef = 444A5331186EE9B1006B9DB7 /* UIKit.framework */; };
		444A535A186EE9B1006B9DB7 /* InfoPlist.strings in Resources */ = {isa = PBXBuildFile; fileRef = 444A5358186EE9B1006B9DB7 /* InfoPlist.strings */; };
		444A535C186EE9B1006B9DB7 /* MirrorOnTheWallTests.m in Sources */ = {isa = PBXBuildFile; fileRef = 444A535B186EE9B1006B9DB7 /* MirrorOnTheWallTests.m */; };
		444A5367186EEA3B006B9DB7 /* loginViewController.m in Sources */ = {isa = PBXBuildFile; fileRef = 444A5366186EEA3B006B9DB7 /* loginViewController.m */; };
		444A537D18716F25006B9DB7 /* TPKeyboardAvoidingCollectionView.m in Sources */ = {isa = PBXBuildFile; fileRef = 444A537618716F25006B9DB7 /* TPKeyboardAvoidingCollectionView.m */; };
		444A537E18716F25006B9DB7 /* TPKeyboardAvoidingScrollView.m in Sources */ = {isa = PBXBuildFile; fileRef = 444A537818716F25006B9DB7 /* TPKeyboardAvoidingScrollView.m */; };
		444A537F18716F25006B9DB7 /* TPKeyboardAvoidingTableView.m in Sources */ = {isa = PBXBuildFile; fileRef = 444A537A18716F25006B9DB7 /* TPKeyboardAvoidingTableView.m */; };
		444A538018716F25006B9DB7 /* UIScrollView+TPKeyboardAvoidingAdditions.m in Sources */ = {isa = PBXBuildFile; fileRef = 444A537C18716F25006B9DB7 /* UIScrollView+TPKeyboardAvoidingAdditions.m */; };
		44CD235B187190AD0065887B /* README.md in Resources */ = {isa = PBXBuildFile; fileRef = 44CD235A187190AD0065887B /* README.md */; };
		44CD235E1871B9720065887B /* mainMenuViewController.m in Sources */ = {isa = PBXBuildFile; fileRef = 44CD235D1871B9720065887B /* mainMenuViewController.m */; };
		44CD23601871BC1B0065887B /* testimg.jpg in Resources */ = {isa = PBXBuildFile; fileRef = 44CD235F1871BC1B0065887B /* testimg.jpg */; };
		44CD23661871C2DC0065887B /* profileViewController.m in Sources */ = {isa = PBXBuildFile; fileRef = 44CD23651871C2DC0065887B /* profileViewController.m */; };
		44CD23691871C73B0065887B /* cameraViewController.m in Sources */ = {isa = PBXBuildFile; fileRef = 44CD23681871C73B0065887B /* cameraViewController.m */; };
		44CD236C1871C75A0065887B /* evaluationViewController.m in Sources */ = {isa = PBXBuildFile; fileRef = 44CD236B1871C75A0065887B /* evaluationViewController.m */; };
/* End PBXBuildFile section */

/* Begin PBXContainerItemProxy section */
		444A5353186EE9B1006B9DB7 /* PBXContainerItemProxy */ = {
			isa = PBXContainerItemProxy;
			containerPortal = 444A5322186EE9B1006B9DB7 /* Project object */;
			proxyType = 1;
			remoteGlobalIDString = 444A5329186EE9B1006B9DB7;
			remoteInfo = MirrorOnTheWall;
		};
/* End PBXContainerItemProxy section */

/* Begin PBXFileReference section */
		444A532A186EE9B1006B9DB7 /* MirrorOnTheWall.app */ = {isa = PBXFileReference; explicitFileType = wrapper.application; includeInIndex = 0; path = MirrorOnTheWall.app; sourceTree = BUILT_PRODUCTS_DIR; };
		444A532D186EE9B1006B9DB7 /* Foundation.framework */ = {isa = PBXFileReference; lastKnownFileType = wrapper.framework; name = Foundation.framework; path = System/Library/Frameworks/Foundation.framework; sourceTree = SDKROOT; };
		444A532F186EE9B1006B9DB7 /* CoreGraphics.framework */ = {isa = PBXFileReference; lastKnownFileType = wrapper.framework; name = CoreGraphics.framework; path = System/Library/Frameworks/CoreGraphics.framework; sourceTree = SDKROOT; };
		444A5331186EE9B1006B9DB7 /* UIKit.framework */ = {isa = PBXFileReference; lastKnownFileType = wrapper.framework; name = UIKit.framework; path = System/Library/Frameworks/UIKit.framework; sourceTree = SDKROOT; };
		444A5335186EE9B1006B9DB7 /* MirrorOnTheWall-Info.plist */ = {isa = PBXFileReference; lastKnownFileType = text.plist.xml; path = "MirrorOnTheWall-Info.plist"; sourceTree = "<group>"; };
		444A5337186EE9B1006B9DB7 /* en */ = {isa = PBXFileReference; lastKnownFileType = text.plist.strings; name = en; path = en.lproj/InfoPlist.strings; sourceTree = "<group>"; };
		444A5339186EE9B1006B9DB7 /* main.m */ = {isa = PBXFileReference; lastKnownFileType = sourcecode.c.objc; path = main.m; sourceTree = "<group>"; };
		444A533B186EE9B1006B9DB7 /* MirrorOnTheWall-Prefix.pch */ = {isa = PBXFileReference; lastKnownFileType = sourcecode.c.h; path = "MirrorOnTheWall-Prefix.pch"; sourceTree = "<group>"; };
		444A533C186EE9B1006B9DB7 /* AppDelegate.h */ = {isa = PBXFileReference; lastKnownFileType = sourcecode.c.h; path = AppDelegate.h; sourceTree = "<group>"; };
		444A533D186EE9B1006B9DB7 /* AppDelegate.m */ = {isa = PBXFileReference; lastKnownFileType = sourcecode.c.objc; path = AppDelegate.m; sourceTree = "<group>"; };
		444A5340186EE9B1006B9DB7 /* Base */ = {isa = PBXFileReference; lastKnownFileType = file.storyboard; name = Base; path = Base.lproj/Main_iPhone.storyboard; sourceTree = "<group>"; };
		444A5343186EE9B1006B9DB7 /* Base */ = {isa = PBXFileReference; lastKnownFileType = file.storyboard; name = Base; path = Base.lproj/Main_iPad.storyboard; sourceTree = "<group>"; };
		444A5348186EE9B1006B9DB7 /* Images.xcassets */ = {isa = PBXFileReference; lastKnownFileType = folder.assetcatalog; path = Images.xcassets; sourceTree = "<group>"; };
		444A534E186EE9B1006B9DB7 /* MirrorOnTheWallTests.xctest */ = {isa = PBXFileReference; explicitFileType = wrapper.cfbundle; includeInIndex = 0; path = MirrorOnTheWallTests.xctest; sourceTree = BUILT_PRODUCTS_DIR; };
		444A534F186EE9B1006B9DB7 /* XCTest.framework */ = {isa = PBXFileReference; lastKnownFileType = wrapper.framework; name = XCTest.framework; path = Library/Frameworks/XCTest.framework; sourceTree = DEVELOPER_DIR; };
		444A5357186EE9B1006B9DB7 /* MirrorOnTheWallTests-Info.plist */ = {isa = PBXFileReference; lastKnownFileType = text.plist.xml; path = "MirrorOnTheWallTests-Info.plist"; sourceTree = "<group>"; };
		444A5359186EE9B1006B9DB7 /* en */ = {isa = PBXFileReference; lastKnownFileType = text.plist.strings; name = en; path = en.lproj/InfoPlist.strings; sourceTree = "<group>"; };
		444A535B186EE9B1006B9DB7 /* MirrorOnTheWallTests.m */ = {isa = PBXFileReference; lastKnownFileType = sourcecode.c.objc; path = MirrorOnTheWallTests.m; sourceTree = "<group>"; };
		444A5365186EEA3B006B9DB7 /* loginViewController.h */ = {isa = PBXFileReference; fileEncoding = 4; lastKnownFileType = sourcecode.c.h; path = loginViewController.h; sourceTree = "<group>"; };
		444A5366186EEA3B006B9DB7 /* loginViewController.m */ = {isa = PBXFileReference; fileEncoding = 4; lastKnownFileType = sourcecode.c.objc; path = loginViewController.m; sourceTree = "<group>"; };
		444A537518716F25006B9DB7 /* TPKeyboardAvoidingCollectionView.h */ = {isa = PBXFileReference; fileEncoding = 4; lastKnownFileType = sourcecode.c.h; path = TPKeyboardAvoidingCollectionView.h; sourceTree = "<group>"; };
		444A537618716F25006B9DB7 /* TPKeyboardAvoidingCollectionView.m */ = {isa = PBXFileReference; fileEncoding = 4; lastKnownFileType = sourcecode.c.objc; path = TPKeyboardAvoidingCollectionView.m; sourceTree = "<group>"; };
		444A537718716F25006B9DB7 /* TPKeyboardAvoidingScrollView.h */ = {isa = PBXFileReference; fileEncoding = 4; lastKnownFileType = sourcecode.c.h; path = TPKeyboardAvoidingScrollView.h; sourceTree = "<group>"; };
		444A537818716F25006B9DB7 /* TPKeyboardAvoidingScrollView.m */ = {isa = PBXFileReference; fileEncoding = 4; lastKnownFileType = sourcecode.c.objc; path = TPKeyboardAvoidingScrollView.m; sourceTree = "<group>"; };
		444A537918716F25006B9DB7 /* TPKeyboardAvoidingTableView.h */ = {isa = PBXFileReference; fileEncoding = 4; lastKnownFileType = sourcecode.c.h; path = TPKeyboardAvoidingTableView.h; sourceTree = "<group>"; };
		444A537A18716F25006B9DB7 /* TPKeyboardAvoidingTableView.m */ = {isa = PBXFileReference; fileEncoding = 4; lastKnownFileType = sourcecode.c.objc; path = TPKeyboardAvoidingTableView.m; sourceTree = "<group>"; };
		444A537B18716F25006B9DB7 /* UIScrollView+TPKeyboardAvoidingAdditions.h */ = {isa = PBXFileReference; fileEncoding = 4; lastKnownFileType = sourcecode.c.h; path = "UIScrollView+TPKeyboardAvoidingAdditions.h"; sourceTree = "<group>"; };
		444A537C18716F25006B9DB7 /* UIScrollView+TPKeyboardAvoidingAdditions.m */ = {isa = PBXFileReference; fileEncoding = 4; lastKnownFileType = sourcecode.c.objc; path = "UIScrollView+TPKeyboardAvoidingAdditions.m"; sourceTree = "<group>"; };
		44CD235A187190AD0065887B /* README.md */ = {isa = PBXFileReference; fileEncoding = 4; lastKnownFileType = text; path = README.md; sourceTree = "<group>"; };
		44CD235C1871B9720065887B /* mainMenuViewController.h */ = {isa = PBXFileReference; fileEncoding = 4; lastKnownFileType = sourcecode.c.h; path = mainMenuViewController.h; sourceTree = "<group>"; };
		44CD235D1871B9720065887B /* mainMenuViewController.m */ = {isa = PBXFileReference; fileEncoding = 4; lastKnownFileType = sourcecode.c.objc; path = mainMenuViewController.m; sourceTree = "<group>"; };
		44CD235F1871BC1B0065887B /* testimg.jpg */ = {isa = PBXFileReference; lastKnownFileType = image.jpeg; path = testimg.jpg; sourceTree = "<group>"; };
		44CD23641871C2DC0065887B /* profileViewController.h */ = {isa = PBXFileReference; fileEncoding = 4; lastKnownFileType = sourcecode.c.h; path = profileViewController.h; sourceTree = "<group>"; };
		44CD23651871C2DC0065887B /* profileViewController.m */ = {isa = PBXFileReference; fileEncoding = 4; lastKnownFileType = sourcecode.c.objc; path = profileViewController.m; sourceTree = "<group>"; };
		44CD23671871C73B0065887B /* cameraViewController.h */ = {isa = PBXFileReference; fileEncoding = 4; lastKnownFileType = sourcecode.c.h; path = cameraViewController.h; sourceTree = "<group>"; };
		44CD23681871C73B0065887B /* cameraViewController.m */ = {isa = PBXFileReference; fileEncoding = 4; lastKnownFileType = sourcecode.c.objc; path = cameraViewController.m; sourceTree = "<group>"; };
		44CD236A1871C75A0065887B /* evaluationViewController.h */ = {isa = PBXFileReference; fileEncoding = 4; lastKnownFileType = sourcecode.c.h; path = evaluationViewController.h; sourceTree = "<group>"; };
		44CD236B1871C75A0065887B /* evaluationViewController.m */ = {isa = PBXFileReference; fileEncoding = 4; lastKnownFileType = sourcecode.c.objc; path = evaluationViewController.m; sourceTree = "<group>"; };
/* End PBXFileReference section */

/* Begin PBXFrameworksBuildPhase section */
		444A5327186EE9B1006B9DB7 /* Frameworks */ = {
			isa = PBXFrameworksBuildPhase;
			buildActionMask = 2147483647;
			files = (
				444A5330186EE9B1006B9DB7 /* CoreGraphics.framework in Frameworks */,
				444A5332186EE9B1006B9DB7 /* UIKit.framework in Frameworks */,
				444A532E186EE9B1006B9DB7 /* Foundation.framework in Frameworks */,
			);
			runOnlyForDeploymentPostprocessing = 0;
		};
		444A534B186EE9B1006B9DB7 /* Frameworks */ = {
			isa = PBXFrameworksBuildPhase;
			buildActionMask = 2147483647;
			files = (
				444A5350186EE9B1006B9DB7 /* XCTest.framework in Frameworks */,
				444A5352186EE9B1006B9DB7 /* UIKit.framework in Frameworks */,
				444A5351186EE9B1006B9DB7 /* Foundation.framework in Frameworks */,
			);
			runOnlyForDeploymentPostprocessing = 0;
		};
/* End PBXFrameworksBuildPhase section */

/* Begin PBXGroup section */
		444A5321186EE9B1006B9DB7 = {
			isa = PBXGroup;
			children = (
				444A5333186EE9B1006B9DB7 /* MirrorOnTheWall */,
				444A5355186EE9B1006B9DB7 /* MirrorOnTheWallTests */,
				444A532C186EE9B1006B9DB7 /* Frameworks */,
				444A532B186EE9B1006B9DB7 /* Products */,
			);
			sourceTree = "<group>";
		};
		444A532B186EE9B1006B9DB7 /* Products */ = {
			isa = PBXGroup;
			children = (
				444A532A186EE9B1006B9DB7 /* MirrorOnTheWall.app */,
				444A534E186EE9B1006B9DB7 /* MirrorOnTheWallTests.xctest */,
			);
			name = Products;
			sourceTree = "<group>";
		};
		444A532C186EE9B1006B9DB7 /* Frameworks */ = {
			isa = PBXGroup;
			children = (
				444A532D186EE9B1006B9DB7 /* Foundation.framework */,
				444A532F186EE9B1006B9DB7 /* CoreGraphics.framework */,
				444A5331186EE9B1006B9DB7 /* UIKit.framework */,
				444A534F186EE9B1006B9DB7 /* XCTest.framework */,
			);
			name = Frameworks;
			sourceTree = "<group>";
		};
		444A5333186EE9B1006B9DB7 /* MirrorOnTheWall */ = {
			isa = PBXGroup;
			children = (
				444A533C186EE9B1006B9DB7 /* AppDelegate.h */,
				444A533D186EE9B1006B9DB7 /* AppDelegate.m */,
				444A533F186EE9B1006B9DB7 /* Main_iPhone.storyboard */,
				444A5342186EE9B1006B9DB7 /* Main_iPad.storyboard */,
				444A5365186EEA3B006B9DB7 /* loginViewController.h */,
				444A5366186EEA3B006B9DB7 /* loginViewController.m */,
				44CD235C1871B9720065887B /* mainMenuViewController.h */,
				44CD235D1871B9720065887B /* mainMenuViewController.m */,
				44CD23641871C2DC0065887B /* profileViewController.h */,
				44CD23651871C2DC0065887B /* profileViewController.m */,
				44CD23671871C73B0065887B /* cameraViewController.h */,
				44CD23681871C73B0065887B /* cameraViewController.m */,
				44CD236A1871C75A0065887B /* evaluationViewController.h */,
				44CD236B1871C75A0065887B /* evaluationViewController.m */,
				444A5348186EE9B1006B9DB7 /* Images.xcassets */,
				444A5334186EE9B1006B9DB7 /* Supporting Files */,
			);
			path = MirrorOnTheWall;
			sourceTree = "<group>";
		};
		444A5334186EE9B1006B9DB7 /* Supporting Files */ = {
			isa = PBXGroup;
			children = (
				444A5335186EE9B1006B9DB7 /* MirrorOnTheWall-Info.plist */,
				444A5336186EE9B1006B9DB7 /* InfoPlist.strings */,
				444A5339186EE9B1006B9DB7 /* main.m */,
				444A533B186EE9B1006B9DB7 /* MirrorOnTheWall-Prefix.pch */,
				44CD235F1871BC1B0065887B /* testimg.jpg */,
				444A537418716F25006B9DB7 /* TPKeyboardAvoiding */,
			);
			name = "Supporting Files";
			sourceTree = "<group>";
		};
		444A5355186EE9B1006B9DB7 /* MirrorOnTheWallTests */ = {
			isa = PBXGroup;
			children = (
				444A535B186EE9B1006B9DB7 /* MirrorOnTheWallTests.m */,
				444A5356186EE9B1006B9DB7 /* Supporting Files */,
			);
			path = MirrorOnTheWallTests;
			sourceTree = "<group>";
		};
		444A5356186EE9B1006B9DB7 /* Supporting Files */ = {
			isa = PBXGroup;
			children = (
				444A5357186EE9B1006B9DB7 /* MirrorOnTheWallTests-Info.plist */,
				444A5358186EE9B1006B9DB7 /* InfoPlist.strings */,
			);
			name = "Supporting Files";
			sourceTree = "<group>";
		};
		444A537418716F25006B9DB7 /* TPKeyboardAvoiding */ = {
			isa = PBXGroup;
			children = (
				444A537518716F25006B9DB7 /* TPKeyboardAvoidingCollectionView.h */,
				444A537618716F25006B9DB7 /* TPKeyboardAvoidingCollectionView.m */,
				444A537718716F25006B9DB7 /* TPKeyboardAvoidingScrollView.h */,
				444A537818716F25006B9DB7 /* TPKeyboardAvoidingScrollView.m */,
				444A537918716F25006B9DB7 /* TPKeyboardAvoidingTableView.h */,
				444A537A18716F25006B9DB7 /* TPKeyboardAvoidingTableView.m */,
				444A537B18716F25006B9DB7 /* UIScrollView+TPKeyboardAvoidingAdditions.h */,
				444A537C18716F25006B9DB7 /* UIScrollView+TPKeyboardAvoidingAdditions.m */,
				44CD235A187190AD0065887B /* README.md */,
			);
			path = TPKeyboardAvoiding;
			sourceTree = "<group>";
		};
/* End PBXGroup section */

/* Begin PBXNativeTarget section */
		444A5329186EE9B1006B9DB7 /* MirrorOnTheWall */ = {
			isa = PBXNativeTarget;
			buildConfigurationList = 444A535F186EE9B1006B9DB7 /* Build configuration list for PBXNativeTarget "MirrorOnTheWall" */;
			buildPhases = (
				444A5326186EE9B1006B9DB7 /* Sources */,
				444A5327186EE9B1006B9DB7 /* Frameworks */,
				444A5328186EE9B1006B9DB7 /* Resources */,
			);
			buildRules = (
			);
			dependencies = (
			);
			name = MirrorOnTheWall;
			productName = MirrorOnTheWall;
			productReference = 444A532A186EE9B1006B9DB7 /* MirrorOnTheWall.app */;
			productType = "com.apple.product-type.application";
		};
		444A534D186EE9B1006B9DB7 /* MirrorOnTheWallTests */ = {
			isa = PBXNativeTarget;
			buildConfigurationList = 444A5362186EE9B1006B9DB7 /* Build configuration list for PBXNativeTarget "MirrorOnTheWallTests" */;
			buildPhases = (
				444A534A186EE9B1006B9DB7 /* Sources */,
				444A534B186EE9B1006B9DB7 /* Frameworks */,
				444A534C186EE9B1006B9DB7 /* Resources */,
			);
			buildRules = (
			);
			dependencies = (
				444A5354186EE9B1006B9DB7 /* PBXTargetDependency */,
			);
			name = MirrorOnTheWallTests;
			productName = MirrorOnTheWallTests;
			productReference = 444A534E186EE9B1006B9DB7 /* MirrorOnTheWallTests.xctest */;
			productType = "com.apple.product-type.bundle.unit-test";
		};
/* End PBXNativeTarget section */

/* Begin PBXProject section */
		444A5322186EE9B1006B9DB7 /* Project object */ = {
			isa = PBXProject;
			attributes = {
				LastUpgradeCheck = 0500;
				ORGANIZATIONNAME = "Gyuhyeon Lee";
				TargetAttributes = {
					444A534D186EE9B1006B9DB7 = {
						TestTargetID = 444A5329186EE9B1006B9DB7;
					};
				};
			};
			buildConfigurationList = 444A5325186EE9B1006B9DB7 /* Build configuration list for PBXProject "MirrorOnTheWall" */;
			compatibilityVersion = "Xcode 3.2";
			developmentRegion = English;
			hasScannedForEncodings = 0;
			knownRegions = (
				en,
				Base,
			);
			mainGroup = 444A5321186EE9B1006B9DB7;
			productRefGroup = 444A532B186EE9B1006B9DB7 /* Products */;
			projectDirPath = "";
			projectRoot = "";
			targets = (
				444A5329186EE9B1006B9DB7 /* MirrorOnTheWall */,
				444A534D186EE9B1006B9DB7 /* MirrorOnTheWallTests */,
			);
		};
/* End PBXProject section */

/* Begin PBXResourcesBuildPhase section */
		444A5328186EE9B1006B9DB7 /* Resources */ = {
			isa = PBXResourcesBuildPhase;
			buildActionMask = 2147483647;
			files = (
				444A5344186EE9B1006B9DB7 /* Main_iPad.storyboard in Resources */,
				444A5349186EE9B1006B9DB7 /* Images.xcassets in Resources */,
				44CD23601871BC1B0065887B /* testimg.jpg in Resources */,
				44CD235B187190AD0065887B /* README.md in Resources */,
				444A5341186EE9B1006B9DB7 /* Main_iPhone.storyboard in Resources */,
				444A5338186EE9B1006B9DB7 /* InfoPlist.strings in Resources */,
			);
			runOnlyForDeploymentPostprocessing = 0;
		};
		444A534C186EE9B1006B9DB7 /* Resources */ = {
			isa = PBXResourcesBuildPhase;
			buildActionMask = 2147483647;
			files = (
				444A535A186EE9B1006B9DB7 /* InfoPlist.strings in Resources */,
			);
			runOnlyForDeploymentPostprocessing = 0;
		};
/* End PBXResourcesBuildPhase section */

/* Begin PBXSourcesBuildPhase section */
		444A5326186EE9B1006B9DB7 /* Sources */ = {
			isa = PBXSourcesBuildPhase;
			buildActionMask = 2147483647;
			files = (
				444A5367186EEA3B006B9DB7 /* loginViewController.m in Sources */,
				444A537E18716F25006B9DB7 /* TPKeyboardAvoidingScrollView.m in Sources */,
				444A533E186EE9B1006B9DB7 /* AppDelegate.m in Sources */,
				444A538018716F25006B9DB7 /* UIScrollView+TPKeyboardAvoidingAdditions.m in Sources */,
				44CD235E1871B9720065887B /* mainMenuViewController.m in Sources */,
				44CD23661871C2DC0065887B /* profileViewController.m in Sources */,
				444A537F18716F25006B9DB7 /* TPKeyboardAvoidingTableView.m in Sources */,
				444A537D18716F25006B9DB7 /* TPKeyboardAvoidingCollectionView.m in Sources */,
				444A533A186EE9B1006B9DB7 /* main.m in Sources */,
				44CD23691871C73B0065887B /* cameraViewController.m in Sources */,
				44CD236C1871C75A0065887B /* evaluationViewController.m in Sources */,
			);
			runOnlyForDeploymentPostprocessing = 0;
		};
		444A534A186EE9B1006B9DB7 /* Sources */ = {
			isa = PBXSourcesBuildPhase;
			buildActionMask = 2147483647;
			files = (
				444A535C186EE9B1006B9DB7 /* MirrorOnTheWallTests.m in Sources */,
			);
			runOnlyForDeploymentPostprocessing = 0;
		};
/* End PBXSourcesBuildPhase section */

/* Begin PBXTargetDependency section */
		444A5354186EE9B1006B9DB7 /* PBXTargetDependency */ = {
			isa = PBXTargetDependency;
			target = 444A5329186EE9B1006B9DB7 /* MirrorOnTheWall */;
			targetProxy = 444A5353186EE9B1006B9DB7 /* PBXContainerItemProxy */;
		};
/* End PBXTargetDependency section */

/* Begin PBXVariantGroup section */
		444A5336186EE9B1006B9DB7 /* InfoPlist.strings */ = {
			isa = PBXVariantGroup;
			children = (
				444A5337186EE9B1006B9DB7 /* en */,
			);
			name = InfoPlist.strings;
			sourceTree = "<group>";
		};
		444A533F186EE9B1006B9DB7 /* Main_iPhone.storyboard */ = {
			isa = PBXVariantGroup;
			children = (
				444A5340186EE9B1006B9DB7 /* Base */,
			);
			name = Main_iPhone.storyboard;
			sourceTree = "<group>";
		};
		444A5342186EE9B1006B9DB7 /* Main_iPad.storyboard */ = {
			isa = PBXVariantGroup;
			children = (
				444A5343186EE9B1006B9DB7 /* Base */,
			);
			name = Main_iPad.storyboard;
			sourceTree = "<group>";
		};
		444A5358186EE9B1006B9DB7 /* InfoPlist.strings */ = {
			isa = PBXVariantGroup;
			children = (
				444A5359186EE9B1006B9DB7 /* en */,
			);
			name = InfoPlist.strings;
			sourceTree = "<group>";
		};
/* End PBXVariantGroup section */

/* Begin XCBuildConfiguration section */
		444A535D186EE9B1006B9DB7 /* Debug */ = {
			isa = XCBuildConfiguration;
			buildSettings = {
				ALWAYS_SEARCH_USER_PATHS = NO;
				ARCHS = "$(ARCHS_STANDARD_INCLUDING_64_BIT)";
				CLANG_CXX_LANGUAGE_STANDARD = "gnu++0x";
				CLANG_CXX_LIBRARY = "libc++";
				CLANG_ENABLE_MODULES = YES;
				CLANG_ENABLE_OBJC_ARC = YES;
				CLANG_WARN_BOOL_CONVERSION = YES;
				CLANG_WARN_CONSTANT_CONVERSION = YES;
				CLANG_WARN_DIRECT_OBJC_ISA_USAGE = YES_ERROR;
				CLANG_WARN_EMPTY_BODY = YES;
				CLANG_WARN_ENUM_CONVERSION = YES;
				CLANG_WARN_INT_CONVERSION = YES;
				CLANG_WARN_OBJC_ROOT_CLASS = YES_ERROR;
				CLANG_WARN__DUPLICATE_METHOD_MATCH = YES;
				"CODE_SIGN_IDENTITY[sdk=iphoneos*]" = "iPhone Developer";
				COPY_PHASE_STRIP = NO;
				GCC_C_LANGUAGE_STANDARD = gnu99;
				GCC_DYNAMIC_NO_PIC = NO;
				GCC_OPTIMIZATION_LEVEL = 0;
				GCC_PREPROCESSOR_DEFINITIONS = (
					"DEBUG=1",
					"$(inherited)",
				);
				GCC_SYMBOLS_PRIVATE_EXTERN = NO;
				GCC_WARN_64_TO_32_BIT_CONVERSION = YES;
				GCC_WARN_ABOUT_RETURN_TYPE = YES_ERROR;
				GCC_WARN_UNDECLARED_SELECTOR = YES;
				GCC_WARN_UNINITIALIZED_AUTOS = YES;
				GCC_WARN_UNUSED_FUNCTION = YES;
				GCC_WARN_UNUSED_VARIABLE = YES;
				IPHONEOS_DEPLOYMENT_TARGET = 7.0;
				ONLY_ACTIVE_ARCH = YES;
				SDKROOT = iphoneos;
				TARGETED_DEVICE_FAMILY = "1,2";
			};
			name = Debug;
		};
		444A535E186EE9B1006B9DB7 /* Release */ = {
			isa = XCBuildConfiguration;
			buildSettings = {
				ALWAYS_SEARCH_USER_PATHS = NO;
				ARCHS = "$(ARCHS_STANDARD_INCLUDING_64_BIT)";
				CLANG_CXX_LANGUAGE_STANDARD = "gnu++0x";
				CLANG_CXX_LIBRARY = "libc++";
				CLANG_ENABLE_MODULES = YES;
				CLANG_ENABLE_OBJC_ARC = YES;
				CLANG_WARN_BOOL_CONVERSION = YES;
				CLANG_WARN_CONSTANT_CONVERSION = YES;
				CLANG_WARN_DIRECT_OBJC_ISA_USAGE = YES_ERROR;
				CLANG_WARN_EMPTY_BODY = YES;
				CLANG_WARN_ENUM_CONVERSION = YES;
				CLANG_WARN_INT_CONVERSION = YES;
				CLANG_WARN_OBJC_ROOT_CLASS = YES_ERROR;
				CLANG_WARN__DUPLICATE_METHOD_MATCH = YES;
				"CODE_SIGN_IDENTITY[sdk=iphoneos*]" = "iPhone Developer";
				COPY_PHASE_STRIP = YES;
				ENABLE_NS_ASSERTIONS = NO;
				GCC_C_LANGUAGE_STANDARD = gnu99;
				GCC_WARN_64_TO_32_BIT_CONVERSION = YES;
				GCC_WARN_ABOUT_RETURN_TYPE = YES_ERROR;
				GCC_WARN_UNDECLARED_SELECTOR = YES;
				GCC_WARN_UNINITIALIZED_AUTOS = YES;
				GCC_WARN_UNUSED_FUNCTION = YES;
				GCC_WARN_UNUSED_VARIABLE = YES;
				IPHONEOS_DEPLOYMENT_TARGET = 7.0;
				SDKROOT = iphoneos;
				TARGETED_DEVICE_FAMILY = "1,2";
				VALIDATE_PRODUCT = YES;
			};
			name = Release;
		};
		444A5360186EE9B1006B9DB7 /* Debug */ = {
			isa = XCBuildConfiguration;
			buildSettings = {
				ASSETCATALOG_COMPILER_APPICON_NAME = AppIcon;
				ASSETCATALOG_COMPILER_LAUNCHIMAGE_NAME = LaunchImage;
				CODE_SIGN_IDENTITY = "";
				"CODE_SIGN_IDENTITY[sdk=iphoneos*]" = "iPhone Developer: Tae Keun Lee (R75J2RK3H9)";
				GCC_PRECOMPILE_PREFIX_HEADER = YES;
				GCC_PREFIX_HEADER = "MirrorOnTheWall/MirrorOnTheWall-Prefix.pch";
				INFOPLIST_FILE = "MirrorOnTheWall/MirrorOnTheWall-Info.plist";
				PRODUCT_NAME = "$(TARGET_NAME)";
				PROVISIONING_PROFILE = "426D4B8B-8D50-4E45-88A0-EC0FA2D2D7B0";
				WRAPPER_EXTENSION = app;
			};
			name = Debug;
		};
		444A5361186EE9B1006B9DB7 /* Release */ = {
			isa = XCBuildConfiguration;
			buildSettings = {
				ASSETCATALOG_COMPILER_APPICON_NAME = AppIcon;
				ASSETCATALOG_COMPILER_LAUNCHIMAGE_NAME = LaunchImage;
				CODE_SIGN_IDENTITY = "iPhone Distribution: Tae Keun Lee (XQ99766KQD)";
				GCC_PRECOMPILE_PREFIX_HEADER = YES;
				GCC_PREFIX_HEADER = "MirrorOnTheWall/MirrorOnTheWall-Prefix.pch";
				INFOPLIST_FILE = "MirrorOnTheWall/MirrorOnTheWall-Info.plist";
				PRODUCT_NAME = "$(TARGET_NAME)";
				PROVISIONING_PROFILE = "426D4B8B-8D50-4E45-88A0-EC0FA2D2D7B0";
				WRAPPER_EXTENSION = app;
			};
			name = Release;
		};
		444A5363186EE9B1006B9DB7 /* Debug */ = {
			isa = XCBuildConfiguration;
			buildSettings = {
				ARCHS = "$(ARCHS_STANDARD_INCLUDING_64_BIT)";
				BUNDLE_LOADER = "$(BUILT_PRODUCTS_DIR)/MirrorOnTheWall.app/MirrorOnTheWall";
				FRAMEWORK_SEARCH_PATHS = (
					"$(SDKROOT)/Developer/Library/Frameworks",
					"$(inherited)",
					"$(DEVELOPER_FRAMEWORKS_DIR)",
				);
				GCC_PRECOMPILE_PREFIX_HEADER = YES;
				GCC_PREFIX_HEADER = "MirrorOnTheWall/MirrorOnTheWall-Prefix.pch";
				GCC_PREPROCESSOR_DEFINITIONS = (
					"DEBUG=1",
					"$(inherited)",
				);
				INFOPLIST_FILE = "MirrorOnTheWallTests/MirrorOnTheWallTests-Info.plist";
				PRODUCT_NAME = "$(TARGET_NAME)";
				TEST_HOST = "$(BUNDLE_LOADER)";
				WRAPPER_EXTENSION = xctest;
			};
			name = Debug;
		};
		444A5364186EE9B1006B9DB7 /* Release */ = {
			isa = XCBuildConfiguration;
			buildSettings = {
				ARCHS = "$(ARCHS_STANDARD_INCLUDING_64_BIT)";
				BUNDLE_LOADER = "$(BUILT_PRODUCTS_DIR)/MirrorOnTheWall.app/MirrorOnTheWall";
				FRAMEWORK_SEARCH_PATHS = (
					"$(SDKROOT)/Developer/Library/Frameworks",
					"$(inherited)",
					"$(DEVELOPER_FRAMEWORKS_DIR)",
				);
				GCC_PRECOMPILE_PREFIX_HEADER = YES;
				GCC_PREFIX_HEADER = "MirrorOnTheWall/MirrorOnTheWall-Prefix.pch";
				INFOPLIST_FILE = "MirrorOnTheWallTests/MirrorOnTheWallTests-Info.plist";
				PRODUCT_NAME = "$(TARGET_NAME)";
				TEST_HOST = "$(BUNDLE_LOADER)";
				WRAPPER_EXTENSION = xctest;
			};
			name = Release;
		};
/* End XCBuildConfiguration section */

/* Begin XCConfigurationList section */
		444A5325186EE9B1006B9DB7 /* Build configuration list for PBXProject "MirrorOnTheWall" */ = {
			isa = XCConfigurationList;
			buildConfigurations = (
				444A535D186EE9B1006B9DB7 /* Debug */,
				444A535E186EE9B1006B9DB7 /* Release */,
			);
			defaultConfigurationIsVisible = 0;
			defaultConfigurationName = Release;
		};
		444A535F186EE9B1006B9DB7 /* Build configuration list for PBXNativeTarget "MirrorOnTheWall" */ = {
			isa = XCConfigurationList;
			buildConfigurations = (
				444A5360186EE9B1006B9DB7 /* Debug */,
				444A5361186EE9B1006B9DB7 /* Release */,
			);
			defaultConfigurationIsVisible = 0;
			defaultConfigurationName = Release;
		};
		444A5362186EE9B1006B9DB7 /* Build configuration list for PBXNativeTarget "MirrorOnTheWallTests" */ = {
			isa = XCConfigurationList;
			buildConfigurations = (
				444A5363186EE9B1006B9DB7 /* Debug */,
				444A5364186EE9B1006B9DB7 /* Release */,
			);
			defaultConfigurationIsVisible = 0;
			defaultConfigurationName = Release;
		};
/* End XCConfigurationList section */
	};
	rootObject = 444A5322186EE9B1006B9DB7 /* Project object */;
}
